
Microsoft Visual Studio Solution File, Format Version 12.00
# Visual Studio Version 16
VisualStudioVersion = 16.0.31829.152
MinimumVisualStudioVersion = 10.0.40219.1
Project("{FAE04EC0-301F-11D3-BF4B-00C04F79EFBC}") = "ReorderBehavior-demo", "ReorderBehavior-demo.csproj", "{A1CEE4BD-E985-46A5-9885-ACBD013BA510}"
EndProject
Project("{9A19103F-16F7-4668-BE54-9A1E7A4F7556}") = "ReoderBehavior", "ReoderBehavior\ReoderBehavior.csproj", "{D4DFE351-F50C-4479-9E5E-66FD513901E9}"
EndProject
Global
	GlobalSection(SolutionConfigurationPlatforms) = preSolution
		Debug|Any CPU = Debug|Any CPU
		Release|Any CPU = Release|Any CPU
	EndGlobalSection
	GlobalSection(ProjectConfigurationPlatforms) = postSolution
		{A1CEE4BD-E985-46A5-9885-ACBD013BA510}.Debug|Any CPU.ActiveCfg = Debug|Any CPU
		{A1CEE4BD-E985-46A5-9885-ACBD013BA510}.Debug|Any CPU.Build.0 = Debug|Any CPU
		{A1CEE4BD-E985-46A5-9885-ACBD013BA510}.Release|Any CPU.ActiveCfg = Release|Any CPU
		{A1CEE4BD-E985-46A5-9885-ACBD013BA510}.Release|Any CPU.Build.0 = Release|Any CPU
		{D4DFE351-F50C-4479-9E5E-66FD513901E9}.Debug|Any CPU.ActiveCfg = Debug|Any CPU
		{D4DFE351-F50C-4479-9E5E-66FD513901E9}.Debug|Any CPU.Build.0 = Debug|Any CPU
		{D4DFE351-F50C-4479-9E5E-66FD513901E9}.Release|Any CPU.ActiveCfg = Release|Any CPU
		{D4DFE351-F50C-4479-9E5E-66FD513901E9}.Release|Any CPU.Build.0 = Release|Any CPU
	EndGlobalSection
	GlobalSection(SolutionProperties) = preSolution
		HideSolutionNode = FALSE
	EndGlobalSection
	GlobalSection(ExtensibilityGlobals) = postSolution
		SolutionGuid = {61AEBD74-C52D-4192-B86A-E2E6BC2763FB}
	EndGlobalSection
EndGlobal
